{
  "name": "@bago2k4/emoji-autocomplete",
  "version": "1.0.5",
  "lockfileVersion": 2,
  "requires": true,
  "packages": {
    "": {
      "name": "@bago2k4/emoji-autocomplete",
      "version": "1.0.5",
      "license": "MIT",
      "dependencies": {
        "@textcomplete/contenteditable": "^0.1.9",
        "@textcomplete/core": "^0.1.9",
        "@textcomplete/textarea": "^0.1.9",
        "emoji-mart": "^3.0.1",
        "react": "^16.9.0",
        "react-dom": "^16.9.0"
      }
    },
    "node_modules/@babel/runtime": {
      "version": "7.13.10",
      "resolved": "https://registry.npmjs.org/@babel/runtime/-/runtime-7.13.10.tgz",
      "integrity": "sha512-4QPkjJq6Ns3V/RgpEahRk+AGfL0eO6RHHtTWoNNr5mO49G6B5+X6d6THgWEAvTrznU5xYpbAlVKRYcsCgh/Akw==",
      "dependencies": {
        "regenerator-runtime": "^0.13.4"
      }
    },
    "node_modules/@textcomplete/contenteditable": {
      "version": "0.1.9",
      "resolved": "https://registry.npmjs.org/@textcomplete/contenteditable/-/contenteditable-0.1.9.tgz",
      "integrity": "sha512-mcxm+Oaic85EGwyX7RJoDUR3fXFZI1juacsArGigqjPWqfElT1TVBSVAZ5FsUfbGxIhQ7+Q82jt1v3dXj8ZL6Q==",
      "dependencies": {
        "@textcomplete/utils": "^0.1.9"
      }
    },
    "node_modules/@textcomplete/core": {
      "version": "0.1.9",
      "resolved": "https://registry.npmjs.org/@textcomplete/core/-/core-0.1.9.tgz",
      "integrity": "sha512-fiVO93dwfFqgvPdyEL5QgYLAZjaWfvLC4HqgrPLbASqSPHJkFbGy3568aRvCc2EkiU8DAnhtlVoUKqK9oui16w==",
      "dependencies": {
        "eventemitter3": "^4.0.4"
      }
    },
    "node_modules/@textcomplete/textarea": {
      "version": "0.1.9",
      "resolved": "https://registry.npmjs.org/@textcomplete/textarea/-/textarea-0.1.9.tgz",
      "integrity": "sha512-3zZjfOyuItafGVvsz68eL1OXxadQ89IO5BAsYRYs3dBW+x1SvaTPgY1bbCIaHmOPWMZnJRDHxKfrK8j4KcIa5Q==",
      "dependencies": {
        "@textcomplete/core": "^0.1.9",
        "@textcomplete/utils": "^0.1.9",
        "@types/textarea-caret": "^3.0.0",
        "textarea-caret": "^3.1.0",
        "undate": "^0.3.0"
      }
    },
    "node_modules/@textcomplete/utils": {
      "version": "0.1.9",
      "resolved": "https://registry.npmjs.org/@textcomplete/utils/-/utils-0.1.9.tgz",
      "integrity": "sha512-3yqiEcYlR0OS15PTpp2G8fVpl+4Zhdh8+VRIrdiC6C1bklVB1q3K29OTAZVB5UNAGV3oUcGs8znWVXPt9LELbw=="
    },
    "node_modules/@types/textarea-caret": {
      "version": "3.0.0",
      "resolved": "https://registry.npmjs.org/@types/textarea-caret/-/textarea-caret-3.0.0.tgz",
      "integrity": "sha512-RNXko6Kl+oQibqxuQZJZ+RgsQAGez4VQxeC4zq+GXjUlHcfjy5EthnsPIQXC5wUSRf5WbyA+4+//mVSc6XwxNw=="
    },
    "node_modules/emoji-mart": {
      "version": "3.0.1",
      "resolved": "https://registry.npmjs.org/emoji-mart/-/emoji-mart-3.0.1.tgz",
      "integrity": "sha512-sxpmMKxqLvcscu6mFn9ITHeZNkGzIvD0BSNFE/LJESPbCA8s1jM6bCDPjWbV31xHq7JXaxgpHxLB54RCbBZSlg==",
      "dependencies": {
        "@babel/runtime": "^7.0.0",
        "prop-types": "^15.6.0"
      }
    },
    "node_modules/eventemitter3": {
      "version": "4.0.7",
      "resolved": "https://registry.npmjs.org/eventemitter3/-/eventemitter3-4.0.7.tgz",
      "integrity": "sha512-8guHBZCwKnFhYdHr2ysuRWErTwhoN2X8XELRlrRwpmfeY2jjuUN4taQMsULKUVo1K4DvZl+0pgfyoysHxvmvEw=="
    },
    "node_modules/js-tokens": {
      "version": "4.0.0",
      "resolved": "https://registry.npmjs.org/js-tokens/-/js-tokens-4.0.0.tgz",
      "integrity": "sha512-RdJUflcE3cUzKiMqQgsCu06FPu9UdIJO0beYbPhHN4k6apgJtifcoCtT9bcxOpYBtpD2kCM6Sbzg4CausW/PKQ=="
    },
    "node_modules/loose-envify": {
      "version": "1.4.0",
      "resolved": "https://registry.npmjs.org/loose-envify/-/loose-envify-1.4.0.tgz",
      "integrity": "sha512-lyuxPGr/Wfhrlem2CL/UcnUc1zcqKAImBDzukY7Y5F/yQiNdko6+fRLevlw1HgMySw7f611UIY408EtxRSoK3Q==",
      "dependencies": {
        "js-tokens": "^3.0.0 || ^4.0.0"
      },
      "bin": {
        "loose-envify": "cli.js"
      }
    },
    "node_modules/object-assign": {
      "version": "4.1.1",
      "resolved": "https://registry.npmjs.org/object-assign/-/object-assign-4.1.1.tgz",
      "integrity": "sha1-IQmtx5ZYh8/AXLvUQsrIv7s2CGM=",
      "engines": {
        "node": ">=0.10.0"
      }
    },
    "node_modules/prop-types": {
      "version": "15.7.2",
      "resolved": "https://registry.npmjs.org/prop-types/-/prop-types-15.7.2.tgz",
      "integrity": "sha512-8QQikdH7//R2vurIJSutZ1smHYTcLpRWEOlHnzcWHmBYrOGUysKwSsrC89BCiFj3CbrfJ/nXFdJepOVrY1GCHQ==",
      "dependencies": {
        "loose-envify": "^1.4.0",
        "object-assign": "^4.1.1",
        "react-is": "^16.8.1"
      }
    },
    "node_modules/react": {
      "version": "16.14.0",
      "resolved": "https://registry.npmjs.org/react/-/react-16.14.0.tgz",
      "integrity": "sha512-0X2CImDkJGApiAlcf0ODKIneSwBPhqJawOa5wCtKbu7ZECrmS26NvtSILynQ66cgkT/RJ4LidJOc3bUESwmU8g==",
      "dependencies": {
        "loose-envify": "^1.1.0",
        "object-assign": "^4.1.1",
        "prop-types": "^15.6.2"
      },
      "engines": {
        "node": ">=0.10.0"
      }
    },
    "node_modules/react-dom": {
      "version": "16.14.0",
      "resolved": "https://registry.npmjs.org/react-dom/-/react-dom-16.14.0.tgz",
      "integrity": "sha512-1gCeQXDLoIqMgqD3IO2Ah9bnf0w9kzhwN5q4FGnHZ67hBm9yePzB5JJAIQCc8x3pFnNlwFq4RidZggNAAkzWWw==",
      "dependencies": {
        "loose-envify": "^1.1.0",
        "object-assign": "^4.1.1",
        "prop-types": "^15.6.2",
        "scheduler": "^0.19.1"
      }
    },
    "node_modules/react-is": {
      "version": "16.13.1",
      "resolved": "https://registry.npmjs.org/react-is/-/react-is-16.13.1.tgz",
      "integrity": "sha512-24e6ynE2H+OKt4kqsOvNd8kBpV65zoxbA4BVsEOB3ARVWQki/DHzaUoC5KuON/BiccDaCCTZBuOcfZs70kR8bQ=="
    },
    "node_modules/regenerator-runtime": {
      "version": "0.13.7",
      "resolved": "https://registry.npmjs.org/regenerator-runtime/-/regenerator-runtime-0.13.7.tgz",
      "integrity": "sha512-a54FxoJDIr27pgf7IgeQGxmqUNYrcV338lf/6gH456HZ/PhX+5BcwHXG9ajESmwe6WRO0tAzRUrRmNONWgkrew=="
    },
    "node_modules/scheduler": {
      "version": "0.19.1",
      "resolved": "https://registry.npmjs.org/scheduler/-/scheduler-0.19.1.tgz",
      "integrity": "sha512-n/zwRWRYSUj0/3g/otKDRPMh6qv2SYMWNq85IEa8iZyAv8od9zDYpGSnpBEjNgcMNq6Scbu5KfIPxNF72R/2EA==",
      "dependencies": {
        "loose-envify": "^1.1.0",
        "object-assign": "^4.1.1"
      }
    },
    "node_modules/textarea-caret": {
      "version": "3.1.0",
      "resolved": "https://registry.npmjs.org/textarea-caret/-/textarea-caret-3.1.0.tgz",
      "integrity": "sha512-cXAvzO9pP5CGa6NKx0WYHl+8CHKZs8byMkt3PCJBCmq2a34YA9pO1NrQET5pzeqnBjBdToF5No4rrmkDUgQC2Q=="
    },
    "node_modules/undate": {
      "version": "0.3.0",
      "resolved": "https://registry.npmjs.org/undate/-/undate-0.3.0.tgz",
      "integrity": "sha512-ssH8QTNBY6B+2fRr3stSQ+9m2NT8qTaun3ExTx5ibzYQvP7yX4+BnX0McNxFCvh6S5ia/DYu6bsCKQx/U4nb/Q=="
    }
  },
  "dependencies": {
    "@babel/runtime": {
      "version": "7.13.10",
      "resolved": "https://registry.npmjs.org/@babel/runtime/-/runtime-7.13.10.tgz",
      "integrity": "sha512-4QPkjJq6Ns3V/RgpEahRk+AGfL0eO6RHHtTWoNNr5mO49G6B5+X6d6THgWEAvTrznU5xYpbAlVKRYcsCgh/Akw==",
      "requires": {
        "regenerator-runtime": "^0.13.4"
      }
    },
    "@textcomplete/contenteditable": {
      "version": "0.1.9",
      "resolved": "https://registry.npmjs.org/@textcomplete/contenteditable/-/contenteditable-0.1.9.tgz",
      "integrity": "sha512-mcxm+Oaic85EGwyX7RJoDUR3fXFZI1juacsArGigqjPWqfElT1TVBSVAZ5FsUfbGxIhQ7+Q82jt1v3dXj8ZL6Q==",
      "requires": {
        "@textcomplete/utils": "^0.1.9"
      }
    },
    "@textcomplete/core": {
      "version": "0.1.9",
      "resolved": "https://registry.npmjs.org/@textcomplete/core/-/core-0.1.9.tgz",
      "integrity": "sha512-fiVO93dwfFqgvPdyEL5QgYLAZjaWfvLC4HqgrPLbASqSPHJkFbGy3568aRvCc2EkiU8DAnhtlVoUKqK9oui16w==",
      "requires": {
        "eventemitter3": "^4.0.4"
      }
    },
    "@textcomplete/textarea": {
      "version": "0.1.9",
      "resolved": "https://registry.npmjs.org/@textcomplete/textarea/-/textarea-0.1.9.tgz",
      "integrity": "sha512-3zZjfOyuItafGVvsz68eL1OXxadQ89IO5BAsYRYs3dBW+x1SvaTPgY1bbCIaHmOPWMZnJRDHxKfrK8j4KcIa5Q==",
      "requires": {
        "@textcomplete/core": "^0.1.9",
        "@textcomplete/utils": "^0.1.9",
        "@types/textarea-caret": "^3.0.0",
        "textarea-caret": "^3.1.0",
        "undate": "^0.3.0"
      }
    },
    "@textcomplete/utils": {
      "version": "0.1.9",
      "resolved": "https://registry.npmjs.org/@textcomplete/utils/-/utils-0.1.9.tgz",
      "integrity": "sha512-3yqiEcYlR0OS15PTpp2G8fVpl+4Zhdh8+VRIrdiC6C1bklVB1q3K29OTAZVB5UNAGV3oUcGs8znWVXPt9LELbw=="
    },
    "@types/textarea-caret": {
      "version": "3.0.0",
      "resolved": "https://registry.npmjs.org/@types/textarea-caret/-/textarea-caret-3.0.0.tgz",
      "integrity": "sha512-RNXko6Kl+oQibqxuQZJZ+RgsQAGez4VQxeC4zq+GXjUlHcfjy5EthnsPIQXC5wUSRf5WbyA+4+//mVSc6XwxNw=="
    },
    "emoji-mart": {
      "version": "3.0.1",
      "resolved": "https://registry.npmjs.org/emoji-mart/-/emoji-mart-3.0.1.tgz",
      "integrity": "sha512-sxpmMKxqLvcscu6mFn9ITHeZNkGzIvD0BSNFE/LJESPbCA8s1jM6bCDPjWbV31xHq7JXaxgpHxLB54RCbBZSlg==",
      "requires": {
        "@babel/runtime": "^7.0.0",
        "prop-types": "^15.6.0"
      }
    },
    "eventemitter3": {
      "version": "4.0.7",
      "resolved": "https://registry.npmjs.org/eventemitter3/-/eventemitter3-4.0.7.tgz",
      "integrity": "sha512-8guHBZCwKnFhYdHr2ysuRWErTwhoN2X8XELRlrRwpmfeY2jjuUN4taQMsULKUVo1K4DvZl+0pgfyoysHxvmvEw=="
    },
    "js-tokens": {
      "version": "4.0.0",
      "resolved": "https://registry.npmjs.org/js-tokens/-/js-tokens-4.0.0.tgz",
      "integrity": "sha512-RdJUflcE3cUzKiMqQgsCu06FPu9UdIJO0beYbPhHN4k6apgJtifcoCtT9bcxOpYBtpD2kCM6Sbzg4CausW/PKQ=="
    },
    "loose-envify": {
      "version": "1.4.0",
      "resolved": "https://registry.npmjs.org/loose-envify/-/loose-envify-1.4.0.tgz",
      "integrity": "sha512-lyuxPGr/Wfhrlem2CL/UcnUc1zcqKAImBDzukY7Y5F/yQiNdko6+fRLevlw1HgMySw7f611UIY408EtxRSoK3Q==",
      "requires": {
        "js-tokens": "^3.0.0 || ^4.0.0"
      }
    },
    "object-assign": {
      "version": "4.1.1",
      "resolved": "https://registry.npmjs.org/object-assign/-/object-assign-4.1.1.tgz",
      "integrity": "sha1-IQmtx5ZYh8/AXLvUQsrIv7s2CGM="
    },
    "prop-types": {
      "version": "15.7.2",
      "resolved": "https://registry.npmjs.org/prop-types/-/prop-types-15.7.2.tgz",
      "integrity": "sha512-8QQikdH7//R2vurIJSutZ1smHYTcLpRWEOlHnzcWHmBYrOGUysKwSsrC89BCiFj3CbrfJ/nXFdJepOVrY1GCHQ==",
      "requires": {
        "loose-envify": "^1.4.0",
        "object-assign": "^4.1.1",
        "react-is": "^16.8.1"
      }
    },
    "react": {
      "version": "16.14.0",
      "resolved": "https://registry.npmjs.org/react/-/react-16.14.0.tgz",
      "integrity": "sha512-0X2CImDkJGApiAlcf0ODKIneSwBPhqJawOa5wCtKbu7ZECrmS26NvtSILynQ66cgkT/RJ4LidJOc3bUESwmU8g==",
      "requires": {
        "loose-envify": "^1.1.0",
        "object-assign": "^4.1.1",
        "prop-types": "^15.6.2"
      }
    },
    "react-dom": {
      "version": "16.14.0",
      "resolved": "https://registry.npmjs.org/react-dom/-/react-dom-16.14.0.tgz",
      "integrity": "sha512-1gCeQXDLoIqMgqD3IO2Ah9bnf0w9kzhwN5q4FGnHZ67hBm9yePzB5JJAIQCc8x3pFnNlwFq4RidZggNAAkzWWw==",
      "requires": {
        "loose-envify": "^1.1.0",
        "object-assign": "^4.1.1",
        "prop-types": "^15.6.2",
        "scheduler": "^0.19.1"
      }
    },
    "react-is": {
      "version": "16.13.1",
      "resolved": "https://registry.npmjs.org/react-is/-/react-is-16.13.1.tgz",
      "integrity": "sha512-24e6ynE2H+OKt4kqsOvNd8kBpV65zoxbA4BVsEOB3ARVWQki/DHzaUoC5KuON/BiccDaCCTZBuOcfZs70kR8bQ=="
    },
    "regenerator-runtime": {
      "version": "0.13.7",
      "resolved": "https://registry.npmjs.org/regenerator-runtime/-/regenerator-runtime-0.13.7.tgz",
      "integrity": "sha512-a54FxoJDIr27pgf7IgeQGxmqUNYrcV338lf/6gH456HZ/PhX+5BcwHXG9ajESmwe6WRO0tAzRUrRmNONWgkrew=="
    },
    "scheduler": {
      "version": "0.19.1",
      "resolved": "https://registry.npmjs.org/scheduler/-/scheduler-0.19.1.tgz",
      "integrity": "sha512-n/zwRWRYSUj0/3g/otKDRPMh6qv2SYMWNq85IEa8iZyAv8od9zDYpGSnpBEjNgcMNq6Scbu5KfIPxNF72R/2EA==",
      "requires": {
        "loose-envify": "^1.1.0",
        "object-assign": "^4.1.1"
      }
    },
    "textarea-caret": {
      "version": "3.1.0",
      "resolved": "https://registry.npmjs.org/textarea-caret/-/textarea-caret-3.1.0.tgz",
      "integrity": "sha512-cXAvzO9pP5CGa6NKx0WYHl+8CHKZs8byMkt3PCJBCmq2a34YA9pO1NrQET5pzeqnBjBdToF5No4rrmkDUgQC2Q=="
    },
    "undate": {
      "version": "0.3.0",
      "resolved": "https://registry.npmjs.org/undate/-/undate-0.3.0.tgz",
      "integrity": "sha512-ssH8QTNBY6B+2fRr3stSQ+9m2NT8qTaun3ExTx5ibzYQvP7yX4+BnX0McNxFCvh6S5ia/DYu6bsCKQx/U4nb/Q=="
    }
  }
}
