{
  "name": "@bago2k4/emoji-autocomplete",
  "version": "1.0.3",
  "lockfileVersion": 1,
  "requires": true,
  "dependencies": {
    "emoji-mart": {
      "version": "2.2.1",
      "resolved": "https://registry.npmjs.org/emoji-mart/-/emoji-mart-2.2.1.tgz",
      "integrity": "sha512-elt/4yZaWzTA/4l7rkDYN9Tc6Y4L5gqC5tJp4UQWSAVOFsrqeFUyJMYi6tkgCDVw0KzC2r327VsJLpmaM9sJsA=="
    },
    "jquery": {
      "version": "2.1.4",
      "resolved": "https://registry.npmjs.org/jquery/-/jquery-2.1.4.tgz",
      "integrity": "sha1-IoveaYoMYUMdwmMKahVPFYkNIxc="
    },
    "jquery-textcomplete": {
      "version": "1.8.5",
      "resolved": "https://registry.npmjs.org/jquery-textcomplete/-/jquery-textcomplete-1.8.5.tgz",
      "integrity": "sha512-WctSUxFk7GF5Tx2gHeVKrpkQ9tsV7mibBJ0AYNwEx+Zx3ZoUQgU5grkBXY3SCqpq/owMAMEvksN96DBSWT4PSg=="
    }
  }
}
