{
  "name": "@bago2k4/emoji-autocomplete",
  "version": "1.0.0",
  "lockfileVersion": 1,
  "requires": true,
  "dependencies": {
    "emoji-mart": {
      "version": "2.2.1",
      "resolved": "https://registry.npmjs.org/emoji-mart/-/emoji-mart-2.2.1.tgz",
      "integrity": "sha512-elt/4yZaWzTA/4l7rkDYN9Tc6Y4L5gqC5tJp4UQWSAVOFsrqeFUyJMYi6tkgCDVw0KzC2r327VsJLpmaM9sJsA=="
    },
    "eventemitter3": {
      "version": "2.0.3",
      "resolved": "https://registry.npmjs.org/eventemitter3/-/eventemitter3-2.0.3.tgz",
      "integrity": "sha1-teEHm1n7XhuidxwKmTvgYKWMmbo="
    },
    "jquery": {
      "version": "2.1.4",
      "resolved": "https://registry.npmjs.org/jquery/-/jquery-2.1.4.tgz",
      "integrity": "sha1-IoveaYoMYUMdwmMKahVPFYkNIxc="
    },
    "textarea-caret": {
      "version": "3.1.0",
      "resolved": "https://registry.npmjs.org/textarea-caret/-/textarea-caret-3.1.0.tgz",
      "integrity": "sha512-cXAvzO9pP5CGa6NKx0WYHl+8CHKZs8byMkt3PCJBCmq2a34YA9pO1NrQET5pzeqnBjBdToF5No4rrmkDUgQC2Q=="
    },
    "textcomplete": {
      "version": "0.18.2",
      "resolved": "https://registry.npmjs.org/textcomplete/-/textcomplete-0.18.2.tgz",
      "integrity": "sha512-Z7RocuECp4S/Dld2swLRdXPYqCCMZvKmwrZHp8MQA4UJHX171/MjLeAj0uENEJPpa8JOtU01PK0iuVQUoFjSfg==",
      "requires": {
        "eventemitter3": "^2.0.3",
        "textarea-caret": "^3.0.1",
        "undate": "^0.2.3"
      }
    },
    "undate": {
      "version": "0.2.4",
      "resolved": "https://registry.npmjs.org/undate/-/undate-0.2.4.tgz",
      "integrity": "sha512-k1WTRVhI076HYqP6e3pZPzS7K2xNAcuhCcWOPjHmR8SwU3byyKYvyNZ4XTEAd7Ofe40+wrEjNq6WmmO8WoUVNg=="
    }
  }
}
